<?xml version="1.0" encoding="utf-8"?>
<Project ToolsVersion="4.0" xmlns="http://schemas.microsoft.com/developer/msbuild/2003">
  <ItemGroup>
    <Filter Include="Source Files">
      <UniqueIdentifier>{4FC737F1-C7A5-4376-A066-2A32D752A2FF}</UniqueIdentifier>
      <Extensions>cpp;c;cc;cxx;def;odl;idl;hpj;bat;asm;asmx</Extensions>
    </Filter>
    <Filter Include="Header Files">
      <UniqueIdentifier>{93995380-89BD-4b04-88EB-625FBE52EBFB}</UniqueIdentifier>
      <Extensions>h;hh;hpp;hxx;hm;inl;inc;xsd</Extensions>
    </Filter>
    <Filter Include="Resource Files">
      <UniqueIdentifier>{67DA6AB6-F800-4c08-8B7A-83BB121AAD01}</UniqueIdentifier>
      <Extensions>rc;ico;cur;bmp;dlg;rc2;rct;bin;rgs;gif;jpg;jpeg;jpe;resx;tiff;tif;png;wav;mfcribbon-ms</Extensions>
    </Filter>
    <Filter Include="Steering">
      <UniqueIdentifier>{5fd9d115-e82d-4e41-b775-21254bc2931a}</UniqueIdentifier>
    </Filter>
    <Filter Include="Steering\Flocking">
      <UniqueIdentifier>{ae42bcd9-0a09-4044-bff4-e2525927f517}</UniqueIdentifier>
    </Filter>
    <Filter Include="Decision">
      <UniqueIdentifier>{1b55ab1f-e980-4102-9c69-744f803e0e31}</UniqueIdentifier>
    </Filter>
    <Filter Include="Decision\header">
      <UniqueIdentifier>{70016ffd-f6d4-465c-ba7d-998c3cfb9570}</UniqueIdentifier>
    </Filter>
    <Filter Include="Decision\source">
      <UniqueIdentifier>{401aedd0-52c0-45a0-9d0a-b09438f2acc7}</UniqueIdentifier>
    </Filter>
    <Filter Include="Steering\header">
      <UniqueIdentifier>{4a147902-0d2f-4d85-807b-42aea4405721}</UniqueIdentifier>
    </Filter>
    <Filter Include="Steering\source">
      <UniqueIdentifier>{24cf92ca-4c40-44dd-ac4d-0b93821acc43}</UniqueIdentifier>
    </Filter>
    <Filter Include="Steering\Flocking\header">
      <UniqueIdentifier>{a924f092-1b22-4f4b-b6d6-69979d1ffb6f}</UniqueIdentifier>
    </Filter>
    <Filter Include="Steering\Flocking\source">
      <UniqueIdentifier>{364add97-dcf6-40d6-aae6-cf5dcbd5569a}</UniqueIdentifier>
    </Filter>
  </ItemGroup>
  <ItemGroup>
    <ClCompile Include="Application2D.cpp">
      <Filter>Source Files</Filter>
    </ClCompile>
    <ClCompile Include="main.cpp">
      <Filter>Source Files</Filter>
    </ClCompile>
    <ClCompile Include="GameObject.cpp">
      <Filter>Source Files</Filter>
    </ClCompile>
    <ClCompile Include="Agent.cpp">
      <Filter>Source Files</Filter>
    </ClCompile>
    <ClCompile Include="Human.cpp">
      <Filter>Source Files</Filter>
    </ClCompile>
    <ClCompile Include="Dog.cpp">
      <Filter>Source Files</Filter>
    </ClCompile>
    <ClCompile Include="ABDecision.cpp">
      <Filter>Decision\source</Filter>
    </ClCompile>
    <ClCompile Include="BaseDecision.cpp">
      <Filter>Decision\source</Filter>
    </ClCompile>
    <ClCompile Include="BaseSteeringBehaviour.cpp">
      <Filter>Steering\source</Filter>
    </ClCompile>
    <ClCompile Include="FleeBehaviour.cpp">
      <Filter>Steering\source</Filter>
    </ClCompile>
    <ClCompile Include="PatrolBehaviour.cpp">
      <Filter>Steering\source</Filter>
    </ClCompile>
    <ClCompile Include="WanderBehaviour.cpp">
      <Filter>Steering\source</Filter>
    </ClCompile>
    <ClCompile Include="SeekBehaviour.cpp">
      <Filter>Steering\source</Filter>
    </ClCompile>
    <ClCompile Include="FlockingAlignment.cpp">
      <Filter>Steering\Flocking\source</Filter>
    </ClCompile>
    <ClCompile Include="FlockingBehaviour.cpp">
      <Filter>Steering\Flocking\source</Filter>
    </ClCompile>
    <ClCompile Include="FlockingCohesion.cpp">
      <Filter>Steering\Flocking\source</Filter>
    </ClCompile>
    <ClCompile Include="FlockingSeperation.cpp">
      <Filter>Steering\Flocking\source</Filter>
    </ClCompile>
    <ClCompile Include="SeeTargetDecision.cpp">
      <Filter>Decision\source</Filter>
    </ClCompile>
    <ClCompile Include="DogDecisionMaking.cpp">
      <Filter>Decision\source</Filter>
    </ClCompile>
    <ClCompile Include="IsTargetInRangeDecision.cpp">
      <Filter>Decision\source</Filter>
    </ClCompile>
  </ItemGroup>
  <ItemGroup>
    <ClInclude Include="Application2D.h">
      <Filter>Header Files</Filter>
    </ClInclude>
    <ClInclude Include="GameObject.h">
      <Filter>Header Files</Filter>
    </ClInclude>
    <ClInclude Include="Agent.h">
      <Filter>Header Files</Filter>
    </ClInclude>
    <ClInclude Include="Human.h">
      <Filter>Header Files</Filter>
    </ClInclude>
    <ClInclude Include="Dog.h">
      <Filter>Header Files</Filter>
    </ClInclude>
    <ClInclude Include="ABDecision.h">
      <Filter>Decision\header</Filter>
    </ClInclude>
    <ClInclude Include="BaseDecision.h">
      <Filter>Decision\header</Filter>
    </ClInclude>
    <ClInclude Include="BaseSteeringBehaviour.h">
      <Filter>Steering\header</Filter>
    </ClInclude>
    <ClInclude Include="FleeBehaviour.h">
      <Filter>Steering\header</Filter>
    </ClInclude>
    <ClInclude Include="PatrolBehaviour.h">
      <Filter>Steering\header</Filter>
    </ClInclude>
    <ClInclude Include="SeekBehaviour.h">
      <Filter>Steering\header</Filter>
    </ClInclude>
    <ClInclude Include="WanderBehaviour.h">
      <Filter>Steering\header</Filter>
    </ClInclude>
    <ClInclude Include="FlockingAlignment.h">
      <Filter>Steering\Flocking\header</Filter>
    </ClInclude>
    <ClInclude Include="FlockingBehaviour.h">
      <Filter>Steering\Flocking\header</Filter>
    </ClInclude>
    <ClInclude Include="FlockingCohesion.h">
      <Filter>Steering\Flocking\header</Filter>
    </ClInclude>
    <ClInclude Include="FlockingSeperation.h">
      <Filter>Steering\Flocking\header</Filter>
    </ClInclude>
    <ClInclude Include="SeeTargetDecision.h">
      <Filter>Decision\header</Filter>
    </ClInclude>
    <ClInclude Include="DogDecisionMaking.h">
      <Filter>Decision\header</Filter>
    </ClInclude>
    <ClInclude Include="IsTargetInRangeDecision.h">
      <Filter>Decision\header</Filter>
    </ClInclude>
  </ItemGroup>
</Project>